// !$*UTF8*$!
{
	archiveVersion = 1;
	classes = {
	};
	objectVersion = 46;
	objects = {

/* Begin PBXBuildFile section */
		28E0D3731EE313FB00636841 /* AppDelegate.swift in Sources */ = {isa = PBXBuildFile; fileRef = 28E0D3721EE313FB00636841 /* AppDelegate.swift */; };
		28E0D3751EE313FB00636841 /* ViewController.swift in Sources */ = {isa = PBXBuildFile; fileRef = 28E0D3741EE313FB00636841 /* ViewController.swift */; };
		28E0D3781EE313FB00636841 /* Main.storyboard in Resources */ = {isa = PBXBuildFile; fileRef = 28E0D3761EE313FB00636841 /* Main.storyboard */; };
		28E0D37A1EE313FB00636841 /* Assets.xcassets in Resources */ = {isa = PBXBuildFile; fileRef = 28E0D3791EE313FB00636841 /* Assets.xcassets */; };
		28E0D37D1EE313FB00636841 /* LaunchScreen.storyboard in Resources */ = {isa = PBXBuildFile; fileRef = 28E0D37B1EE313FB00636841 /* LaunchScreen.storyboard */; };
		28E0D3851EE3154B00636841 /* GoogleService-Info.plist in Resources */ = {isa = PBXBuildFile; fileRef = 28E0D3841EE3154B00636841 /* GoogleService-Info.plist */; };
		28E0D3881EE3185900636841 /* Login.storyboard in Resources */ = {isa = PBXBuildFile; fileRef = 28E0D3871EE3185900636841 /* Login.storyboard */; };
		28E0D38A1EE3187800636841 /* LoginViewController.swift in Sources */ = {isa = PBXBuildFile; fileRef = 28E0D3891EE3187800636841 /* LoginViewController.swift */; };
		28E0D38D1EE318C900636841 /* NewsFeedViewController.swift in Sources */ = {isa = PBXBuildFile; fileRef = 28E0D38C1EE318C900636841 /* NewsFeedViewController.swift */; };
		28E0D38F1EE318DA00636841 /* NewsFeed.storyboard in Resources */ = {isa = PBXBuildFile; fileRef = 28E0D38E1EE318DA00636841 /* NewsFeed.storyboard */; };
		28E0D3921EE31A0200636841 /* NewAwesomeness.storyboard in Resources */ = {isa = PBXBuildFile; fileRef = 28E0D3911EE31A0200636841 /* NewAwesomeness.storyboard */; };
		28E0D3961EE31A4500636841 /* NewAwesomenessViewController.swift in Sources */ = {isa = PBXBuildFile; fileRef = 28E0D3951EE31A4500636841 /* NewAwesomenessViewController.swift */; };
		71B789E7C20129CCA5F73A3F /* Pods_APASlapApp.framework in Frameworks */ = {isa = PBXBuildFile; fileRef = 648459AF43C67B3F241C5E67 /* Pods_APASlapApp.framework */; };
/* End PBXBuildFile section */

/* Begin PBXFileReference section */
		28E0D36F1EE313FB00636841 /* APASlapApp.app */ = {isa = PBXFileReference; explicitFileType = wrapper.application; includeInIndex = 0; path = APASlapApp.app; sourceTree = BUILT_PRODUCTS_DIR; };
		28E0D3721EE313FB00636841 /* AppDelegate.swift */ = {isa = PBXFileReference; lastKnownFileType = sourcecode.swift; path = AppDelegate.swift; sourceTree = "<group>"; };
		28E0D3741EE313FB00636841 /* ViewController.swift */ = {isa = PBXFileReference; lastKnownFileType = sourcecode.swift; path = ViewController.swift; sourceTree = "<group>"; };
		28E0D3771EE313FB00636841 /* Base */ = {isa = PBXFileReference; lastKnownFileType = file.storyboard; name = Base; path = Base.lproj/Main.storyboard; sourceTree = "<group>"; };
		28E0D3791EE313FB00636841 /* Assets.xcassets */ = {isa = PBXFileReference; lastKnownFileType = folder.assetcatalog; path = Assets.xcassets; sourceTree = "<group>"; };
		28E0D37C1EE313FB00636841 /* Base */ = {isa = PBXFileReference; lastKnownFileType = file.storyboard; name = Base; path = Base.lproj/LaunchScreen.storyboard; sourceTree = "<group>"; };
		28E0D37E1EE313FB00636841 /* Info.plist */ = {isa = PBXFileReference; lastKnownFileType = text.plist.xml; path = Info.plist; sourceTree = "<group>"; };
		28E0D3841EE3154B00636841 /* GoogleService-Info.plist */ = {isa = PBXFileReference; fileEncoding = 4; lastKnownFileType = text.plist.xml; path = "GoogleService-Info.plist"; sourceTree = "<group>"; };
		28E0D3871EE3185900636841 /* Login.storyboard */ = {isa = PBXFileReference; fileEncoding = 4; lastKnownFileType = file.storyboard; name = Login.storyboard; path = Login/Login.storyboard; sourceTree = "<group>"; };
		28E0D3891EE3187800636841 /* LoginViewController.swift */ = {isa = PBXFileReference; fileEncoding = 4; lastKnownFileType = sourcecode.swift; name = LoginViewController.swift; path = Login/LoginViewController.swift; sourceTree = "<group>"; };
		28E0D38C1EE318C900636841 /* NewsFeedViewController.swift */ = {isa = PBXFileReference; fileEncoding = 4; lastKnownFileType = sourcecode.swift; name = NewsFeedViewController.swift; path = NewsFeed/NewsFeedViewController.swift; sourceTree = "<group>"; };
		28E0D38E1EE318DA00636841 /* NewsFeed.storyboard */ = {isa = PBXFileReference; fileEncoding = 4; lastKnownFileType = file.storyboard; name = NewsFeed.storyboard; path = NewsFeed/NewsFeed.storyboard; sourceTree = "<group>"; };
		28E0D3911EE31A0200636841 /* NewAwesomeness.storyboard */ = {isa = PBXFileReference; fileEncoding = 4; lastKnownFileType = file.storyboard; name = NewAwesomeness.storyboard; path = Awesomeness/NewAwesomeness.storyboard; sourceTree = "<group>"; };
		28E0D3951EE31A4500636841 /* NewAwesomenessViewController.swift */ = {isa = PBXFileReference; fileEncoding = 4; lastKnownFileType = sourcecode.swift; name = NewAwesomenessViewController.swift; path = Awesomeness/NewAwesomenessViewController.swift; sourceTree = "<group>"; };
		5A6929A4C8744EF2997B634D /* Pods-APASlapApp.debug.xcconfig */ = {isa = PBXFileReference; includeInIndex = 1; lastKnownFileType = text.xcconfig; name = "Pods-APASlapApp.debug.xcconfig"; path = "Pods/Target Support Files/Pods-APASlapApp/Pods-APASlapApp.debug.xcconfig"; sourceTree = "<group>"; };
		648459AF43C67B3F241C5E67 /* Pods_APASlapApp.framework */ = {isa = PBXFileReference; explicitFileType = wrapper.framework; includeInIndex = 0; path = Pods_APASlapApp.framework; sourceTree = BUILT_PRODUCTS_DIR; };
		AE1EF2C0E3E5CCC7C022A089 /* Pods-APASlapApp.release.xcconfig */ = {isa = PBXFileReference; includeInIndex = 1; lastKnownFileType = text.xcconfig; name = "Pods-APASlapApp.release.xcconfig"; path = "Pods/Target Support Files/Pods-APASlapApp/Pods-APASlapApp.release.xcconfig"; sourceTree = "<group>"; };
/* End PBXFileReference section */

/* Begin PBXFrameworksBuildPhase section */
		28E0D36C1EE313FB00636841 /* Frameworks */ = {
			isa = PBXFrameworksBuildPhase;
			buildActionMask = 2147483647;
			files = (
				71B789E7C20129CCA5F73A3F /* Pods_APASlapApp.framework in Frameworks */,
			);
			runOnlyForDeploymentPostprocessing = 0;
		};
/* End PBXFrameworksBuildPhase section */

/* Begin PBXGroup section */
		28E0D3661EE313FB00636841 = {
			isa = PBXGroup;
			children = (
				28E0D3841EE3154B00636841 /* GoogleService-Info.plist */,
				28E0D3711EE313FB00636841 /* APASlapApp */,
				28E0D3701EE313FB00636841 /* Products */,
				E6094FD715651FF54374FB80 /* Pods */,
				8C43272D0F2A81F043BB9BB8 /* Frameworks */,
			);
			sourceTree = "<group>";
		};
		28E0D3701EE313FB00636841 /* Products */ = {
			isa = PBXGroup;
			children = (
				28E0D36F1EE313FB00636841 /* APASlapApp.app */,
			);
			name = Products;
			sourceTree = "<group>";
		};
		28E0D3711EE313FB00636841 /* APASlapApp */ = {
			isa = PBXGroup;
			children = (
				28E0D3901EE319DE00636841 /* Awesomeness */,
				28E0D38B1EE3189500636841 /* NewsFeed */,
				28E0D3861EE317E100636841 /* Login */,
				28E0D3721EE313FB00636841 /* AppDelegate.swift */,
				28E0D3741EE313FB00636841 /* ViewController.swift */,
				28E0D3761EE313FB00636841 /* Main.storyboard */,
				28E0D3791EE313FB00636841 /* Assets.xcassets */,
				28E0D37B1EE313FB00636841 /* LaunchScreen.storyboard */,
				28E0D37E1EE313FB00636841 /* Info.plist */,
			);
			path = APASlapApp;
			sourceTree = "<group>";
		};
		28E0D3861EE317E100636841 /* Login */ = {
			isa = PBXGroup;
			children = (
				28E0D3871EE3185900636841 /* Login.storyboard */,
				28E0D3891EE3187800636841 /* LoginViewController.swift */,
			);
			name = Login;
			sourceTree = "<group>";
		};
		28E0D38B1EE3189500636841 /* NewsFeed */ = {
			isa = PBXGroup;
			children = (
				28E0D38C1EE318C900636841 /* NewsFeedViewController.swift */,
				28E0D38E1EE318DA00636841 /* NewsFeed.storyboard */,
			);
			name = NewsFeed;
			sourceTree = "<group>";
		};
		28E0D3901EE319DE00636841 /* Awesomeness */ = {
			isa = PBXGroup;
			children = (
				28E0D3951EE31A4500636841 /* NewAwesomenessViewController.swift */,
				28E0D3911EE31A0200636841 /* NewAwesomeness.storyboard */,
			);
			name = Awesomeness;
			sourceTree = "<group>";
		};
		8C43272D0F2A81F043BB9BB8 /* Frameworks */ = {
			isa = PBXGroup;
			children = (
				648459AF43C67B3F241C5E67 /* Pods_APASlapApp.framework */,
			);
			name = Frameworks;
			sourceTree = "<group>";
		};
		E6094FD715651FF54374FB80 /* Pods */ = {
			isa = PBXGroup;
			children = (
				5A6929A4C8744EF2997B634D /* Pods-APASlapApp.debug.xcconfig */,
				AE1EF2C0E3E5CCC7C022A089 /* Pods-APASlapApp.release.xcconfig */,
			);
			name = Pods;
			sourceTree = "<group>";
		};
/* End PBXGroup section */

/* Begin PBXNativeTarget section */
		28E0D36E1EE313FB00636841 /* APASlapApp */ = {
			isa = PBXNativeTarget;
			buildConfigurationList = 28E0D3811EE313FB00636841 /* Build configuration list for PBXNativeTarget "APASlapApp" */;
			buildPhases = (
				C4722722F523DC3D9119A933 /* [CP] Check Pods Manifest.lock */,
				28E0D36B1EE313FB00636841 /* Sources */,
				28E0D36C1EE313FB00636841 /* Frameworks */,
				28E0D36D1EE313FB00636841 /* Resources */,
				865BDA2425F80521A9412058 /* [CP] Embed Pods Frameworks */,
				25FAE06D4E0F930FC39872C6 /* [CP] Copy Pods Resources */,
			);
			buildRules = (
			);
			dependencies = (
			);
			name = APASlapApp;
			productName = APASlapApp;
			productReference = 28E0D36F1EE313FB00636841 /* APASlapApp.app */;
			productType = "com.apple.product-type.application";
		};
/* End PBXNativeTarget section */

/* Begin PBXProject section */
		28E0D3671EE313FB00636841 /* Project object */ = {
			isa = PBXProject;
			attributes = {
				LastSwiftUpdateCheck = 0830;
				LastUpgradeCheck = 0830;
				ORGANIZATIONNAME = "Jeff Linwood";
				TargetAttributes = {
					28E0D36E1EE313FB00636841 = {
						CreatedOnToolsVersion = 8.3.2;
						ProvisioningStyle = Automatic;
					};
				};
			};
			buildConfigurationList = 28E0D36A1EE313FB00636841 /* Build configuration list for PBXProject "APASlapApp" */;
			compatibilityVersion = "Xcode 3.2";
			developmentRegion = English;
			hasScannedForEncodings = 0;
			knownRegions = (
				en,
				Base,
			);
			mainGroup = 28E0D3661EE313FB00636841;
			productRefGroup = 28E0D3701EE313FB00636841 /* Products */;
			projectDirPath = "";
			projectRoot = "";
			targets = (
				28E0D36E1EE313FB00636841 /* APASlapApp */,
			);
		};
/* End PBXProject section */

/* Begin PBXResourcesBuildPhase section */
		28E0D36D1EE313FB00636841 /* Resources */ = {
			isa = PBXResourcesBuildPhase;
			buildActionMask = 2147483647;
			files = (
				28E0D37D1EE313FB00636841 /* LaunchScreen.storyboard in Resources */,
				28E0D38F1EE318DA00636841 /* NewsFeed.storyboard in Resources */,
				28E0D3921EE31A0200636841 /* NewAwesomeness.storyboard in Resources */,
				28E0D37A1EE313FB00636841 /* Assets.xcassets in Resources */,
				28E0D3781EE313FB00636841 /* Main.storyboard in Resources */,
				28E0D3881EE3185900636841 /* Login.storyboard in Resources */,
				28E0D3851EE3154B00636841 /* GoogleService-Info.plist in Resources */,
			);
			runOnlyForDeploymentPostprocessing = 0;
		};
/* End PBXResourcesBuildPhase section */

/* Begin PBXShellScriptBuildPhase section */
		25FAE06D4E0F930FC39872C6 /* [CP] Copy Pods Resources */ = {
			isa = PBXShellScriptBuildPhase;
			buildActionMask = 2147483647;
			files = (
			);
			inputPaths = (
			);
			name = "[CP] Copy Pods Resources";
			outputPaths = (
			);
			runOnlyForDeploymentPostprocessing = 0;
			shellPath = /bin/sh;
			shellScript = "\"${SRCROOT}/Pods/Target Support Files/Pods-APASlapApp/Pods-APASlapApp-resources.sh\"\n";
			showEnvVarsInLog = 0;
		};
		865BDA2425F80521A9412058 /* [CP] Embed Pods Frameworks */ = {
			isa = PBXShellScriptBuildPhase;
			buildActionMask = 2147483647;
			files = (
			);
			inputPaths = (
			);
			name = "[CP] Embed Pods Frameworks";
			outputPaths = (
			);
			runOnlyForDeploymentPostprocessing = 0;
			shellPath = /bin/sh;
			shellScript = "\"${SRCROOT}/Pods/Target Support Files/Pods-APASlapApp/Pods-APASlapApp-frameworks.sh\"\n";
			showEnvVarsInLog = 0;
		};
		C4722722F523DC3D9119A933 /* [CP] Check Pods Manifest.lock */ = {
			isa = PBXShellScriptBuildPhase;
			buildActionMask = 2147483647;
			files = (
			);
			inputPaths = (
			);
			name = "[CP] Check Pods Manifest.lock";
			outputPaths = (
			);
			runOnlyForDeploymentPostprocessing = 0;
			shellPath = /bin/sh;
			shellScript = "diff \"${PODS_PODFILE_DIR_PATH}/Podfile.lock\" \"${PODS_ROOT}/Manifest.lock\" > /dev/null\nif [ $? != 0 ] ; then\n    # print error to STDERR\n    echo \"error: The sandbox is not in sync with the Podfile.lock. Run 'pod install' or update your CocoaPods installation.\" >&2\n    exit 1\nfi\n";
			showEnvVarsInLog = 0;
		};
/* End PBXShellScriptBuildPhase section */

/* Begin PBXSourcesBuildPhase section */
		28E0D36B1EE313FB00636841 /* Sources */ = {
			isa = PBXSourcesBuildPhase;
			buildActionMask = 2147483647;
			files = (
				28E0D38A1EE3187800636841 /* LoginViewController.swift in Sources */,
				28E0D3751EE313FB00636841 /* ViewController.swift in Sources */,
				28E0D3731EE313FB00636841 /* AppDelegate.swift in Sources */,
				28E0D3961EE31A4500636841 /* NewAwesomenessViewController.swift in Sources */,
				28E0D38D1EE318C900636841 /* NewsFeedViewController.swift in Sources */,
			);
			runOnlyForDeploymentPostprocessing = 0;
		};
/* End PBXSourcesBuildPhase section */

/* Begin PBXVariantGroup section */
		28E0D3761EE313FB00636841 /* Main.storyboard */ = {
			isa = PBXVariantGroup;
			children = (
				28E0D3771EE313FB00636841 /* Base */,
			);
			name = Main.storyboard;
			sourceTree = "<group>";
		};
		28E0D37B1EE313FB00636841 /* LaunchScreen.storyboard */ = {
			isa = PBXVariantGroup;
			children = (
				28E0D37C1EE313FB00636841 /* Base */,
			);
			name = LaunchScreen.storyboard;
			sourceTree = "<group>";
		};
/* End PBXVariantGroup section */

/* Begin XCBuildConfiguration section */
		28E0D37F1EE313FB00636841 /* Debug */ = {
			isa = XCBuildConfiguration;
			buildSettings = {
				ALWAYS_SEARCH_USER_PATHS = NO;
				CLANG_ANALYZER_NONNULL = YES;
				CLANG_ANALYZER_NUMBER_OBJECT_CONVERSION = YES_AGGRESSIVE;
				CLANG_CXX_LANGUAGE_STANDARD = "gnu++0x";
				CLANG_CXX_LIBRARY = "libc++";
				CLANG_ENABLE_MODULES = YES;
				CLANG_ENABLE_OBJC_ARC = YES;
				CLANG_WARN_BOOL_CONVERSION = YES;
				CLANG_WARN_CONSTANT_CONVERSION = YES;
				CLANG_WARN_DIRECT_OBJC_ISA_USAGE = YES_ERROR;
				CLANG_WARN_DOCUMENTATION_COMMENTS = YES;
				CLANG_WARN_EMPTY_BODY = YES;
				CLANG_WARN_ENUM_CONVERSION = YES;
				CLANG_WARN_INFINITE_RECURSION = YES;
				CLANG_WARN_INT_CONVERSION = YES;
				CLANG_WARN_OBJC_ROOT_CLASS = YES_ERROR;
				CLANG_WARN_SUSPICIOUS_MOVE = YES;
				CLANG_WARN_UNREACHABLE_CODE = YES;
				CLANG_WARN__DUPLICATE_METHOD_MATCH = YES;
				"CODE_SIGN_IDENTITY[sdk=iphoneos*]" = "iPhone Developer";
				COPY_PHASE_STRIP = NO;
				DEBUG_INFORMATION_FORMAT = dwarf;
				ENABLE_STRICT_OBJC_MSGSEND = YES;
				ENABLE_TESTABILITY = YES;
				GCC_C_LANGUAGE_STANDARD = gnu99;
				GCC_DYNAMIC_NO_PIC = NO;
				GCC_NO_COMMON_BLOCKS = YES;
				GCC_OPTIMIZATION_LEVEL = 0;
				GCC_PREPROCESSOR_DEFINITIONS = (
					"DEBUG=1",
					"$(inherited)",
				);
				GCC_WARN_64_TO_32_BIT_CONVERSION = YES;
				GCC_WARN_ABOUT_RETURN_TYPE = YES_ERROR;
				GCC_WARN_UNDECLARED_SELECTOR = YES;
				GCC_WARN_UNINITIALIZED_AUTOS = YES_AGGRESSIVE;
				GCC_WARN_UNUSED_FUNCTION = YES;
				GCC_WARN_UNUSED_VARIABLE = YES;
				IPHONEOS_DEPLOYMENT_TARGET = 10.3;
				MTL_ENABLE_DEBUG_INFO = YES;
				ONLY_ACTIVE_ARCH = YES;
				SDKROOT = iphoneos;
				SWIFT_ACTIVE_COMPILATION_CONDITIONS = DEBUG;
				SWIFT_OPTIMIZATION_LEVEL = "-Onone";
				TARGETED_DEVICE_FAMILY = "1,2";
			};
			name = Debug;
		};
		28E0D3801EE313FB00636841 /* Release */ = {
			isa = XCBuildConfiguration;
			buildSettings = {
				ALWAYS_SEARCH_USER_PATHS = NO;
				CLANG_ANALYZER_NONNULL = YES;
				CLANG_ANALYZER_NUMBER_OBJECT_CONVERSION = YES_AGGRESSIVE;
				CLANG_CXX_LANGUAGE_STANDARD = "gnu++0x";
				CLANG_CXX_LIBRARY = "libc++";
				CLANG_ENABLE_MODULES = YES;
				CLANG_ENABLE_OBJC_ARC = YES;
				CLANG_WARN_BOOL_CONVERSION = YES;
				CLANG_WARN_CONSTANT_CONVERSION = YES;
				CLANG_WARN_DIRECT_OBJC_ISA_USAGE = YES_ERROR;
				CLANG_WARN_DOCUMENTATION_COMMENTS = YES;
				CLANG_WARN_EMPTY_BODY = YES;
				CLANG_WARN_ENUM_CONVERSION = YES;
				CLANG_WARN_INFINITE_RECURSION = YES;
				CLANG_WARN_INT_CONVERSION = YES;
				CLANG_WARN_OBJC_ROOT_CLASS = YES_ERROR;
				CLANG_WARN_SUSPICIOUS_MOVE = YES;
				CLANG_WARN_UNREACHABLE_CODE = YES;
				CLANG_WARN__DUPLICATE_METHOD_MATCH = YES;
				"CODE_SIGN_IDENTITY[sdk=iphoneos*]" = "iPhone Developer";
				COPY_PHASE_STRIP = NO;
				DEBUG_INFORMATION_FORMAT = "dwarf-with-dsym";
				ENABLE_NS_ASSERTIONS = NO;
				ENABLE_STRICT_OBJC_MSGSEND = YES;
				GCC_C_LANGUAGE_STANDARD = gnu99;
				GCC_NO_COMMON_BLOCKS = YES;
				GCC_WARN_64_TO_32_BIT_CONVERSION = YES;
				GCC_WARN_ABOUT_RETURN_TYPE = YES_ERROR;
				GCC_WARN_UNDECLARED_SELECTOR = YES;
				GCC_WARN_UNINITIALIZED_AUTOS = YES_AGGRESSIVE;
				GCC_WARN_UNUSED_FUNCTION = YES;
				GCC_WARN_UNUSED_VARIABLE = YES;
				IPHONEOS_DEPLOYMENT_TARGET = 10.3;
				MTL_ENABLE_DEBUG_INFO = NO;
				SDKROOT = iphoneos;
				SWIFT_OPTIMIZATION_LEVEL = "-Owholemodule";
				TARGETED_DEVICE_FAMILY = "1,2";
				VALIDATE_PRODUCT = YES;
			};
			name = Release;
		};
		28E0D3821EE313FB00636841 /* Debug */ = {
			isa = XCBuildConfiguration;
			baseConfigurationReference = 5A6929A4C8744EF2997B634D /* Pods-APASlapApp.debug.xcconfig */;
			buildSettings = {
				ASSETCATALOG_COMPILER_APPICON_NAME = AppIcon;
				INFOPLIST_FILE = APASlapApp/Info.plist;
				LD_RUNPATH_SEARCH_PATHS = "$(inherited) @executable_path/Frameworks";
				PRODUCT_BUNDLE_IDENTIFIER = org.austinpetsalive.APASlapApp;
				PRODUCT_NAME = "$(TARGET_NAME)";
				SWIFT_VERSION = 3.0;
			};
			name = Debug;
		};
		28E0D3831EE313FB00636841 /* Release */ = {
			isa = XCBuildConfiguration;
			baseConfigurationReference = AE1EF2C0E3E5CCC7C022A089 /* Pods-APASlapApp.release.xcconfig */;
			buildSettings = {
				ASSETCATALOG_COMPILER_APPICON_NAME = AppIcon;
				INFOPLIST_FILE = APASlapApp/Info.plist;
				LD_RUNPATH_SEARCH_PATHS = "$(inherited) @executable_path/Frameworks";
				PRODUCT_BUNDLE_IDENTIFIER = org.austinpetsalive.APASlapApp;
				PRODUCT_NAME = "$(TARGET_NAME)";
				SWIFT_VERSION = 3.0;
			};
			name = Release;
		};
/* End XCBuildConfiguration section */

/* Begin XCConfigurationList section */
		28E0D36A1EE313FB00636841 /* Build configuration list for PBXProject "APASlapApp" */ = {
			isa = XCConfigurationList;
			buildConfigurations = (
				28E0D37F1EE313FB00636841 /* Debug */,
				28E0D3801EE313FB00636841 /* Release */,
			);
			defaultConfigurationIsVisible = 0;
			defaultConfigurationName = Release;
		};
		28E0D3811EE313FB00636841 /* Build configuration list for PBXNativeTarget "APASlapApp" */ = {
			isa = XCConfigurationList;
			buildConfigurations = (
				28E0D3821EE313FB00636841 /* Debug */,
				28E0D3831EE313FB00636841 /* Release */,
			);
			defaultConfigurationIsVisible = 0;
			defaultConfigurationName = Release;
		};
/* End XCConfigurationList section */
	};
	rootObject = 28E0D3671EE313FB00636841 /* Project object */;
}
